github.com/blackjack/webcam v0.0.0-20180715163424-c9c96d5fa89f h1:9ivF3CMSse0WcQHshtF5EigLb/H36nWXOxx/tP+b+Z0=
github.com/blackjack/webcam v0.0.0-20180715163424-c9c96d5fa89f/go.mod h1:G0X+rEqYPWSq0dG8OMf8M446MtKytzpPjgS3HbdOJZ4=
github.com/blackjack/webcam v0.0.0-20190120135949-26d4afb53204 h1:SjrTsf4S1XM4Pp12wxibW3IgFylo+wV2fE73bcE4Mv8=
github.com/blackjack/webcam v0.0.0-20190120135949-26d4afb53204/go.mod h1:G0X+rEqYPWSq0dG8OMf8M446MtKytzpPjgS3HbdOJZ4=
github.com/disintegration/gift v1.1.2 h1:9ZyHJr+kPamiH10FX3Pynt1AxFUob812bU9Wt4GMzhs=
github.com/disintegration/gift v1.1.2/go.mod h1:Jh2i7f7Q2BM7Ezno3PhfezbR1xpUg9dUg3/RlKGr4HI=
github.com/disintegration/gift v1.2.0 h1:VMQeei2F+ZtsHjMgP6Sdt1kFjRhs2lGz8ljEOPeIR50=
github.com/disintegration/gift v1.2.0/go.mod h1:Jh2i7f7Q2BM7Ezno3PhfezbR1xpUg9dUg3/RlKGr4HI=
github.com/harrydb/go v0.0.0-20160105214235-0ff7a05d1aa4 h1:xA5LbbQswqRlBNmfJ6Sz0iWee4QVmubayPVhaTONQ8g=
github.com/harrydb/go v0.0.0-20160105214235-0ff7a05d1aa4/go.mod h1:X81WOeMfDDW5vjsPICoMhc7HC8H49bMg4hy6zZNTwBs=
github.com/icza/mjpeg v0.0.0-20170217094447-85dfbe473743 h1:u5kZEGcjrCRAS99gyW/wptM3KjGYkVv80WKexNvxBuA=
github.com/icza/mjpeg v0.0.0-20170217094447-85dfbe473743/go.mod h1:Eja3x31oRrEOzl6ihhsxY23gXaTYWLP3Gwj5nMAJ7m0=
golang.org/x/sys v0.0.0-20190322080309-f49334f85ddc h1:4gbWbmmPFp4ySWICouJl6emP0MyS31yy9SrTlAGFT+g=
golang.org/x/sys v0.0.0-20190322080309-f49334f85ddc/go.mod h1:h1NjWce9XRLGQEsW7wpKNCjG9DtNlClVuFLEZdDNbEs=
